
Microsoft Visual Studio Solution File, Format Version 12.00
# Visual Studio Version 17
VisualStudioVersion = 17.3.32804.467
MinimumVisualStudioVersion = 10.0.40219.1
Project("{FAE04EC0-301F-11D3-BF4B-00C04F79EFBC}") = "EmployeeKayıt", "EmployeeKayıt\EmployeeKayıt.csproj", "{90A099EB-1603-47C6-9E0E-62C182CE553F}"
EndProject
Global
	GlobalSection(SolutionConfigurationPlatforms) = preSolution
		Debug|Any CPU = Debug|Any CPU
		Release|Any CPU = Release|Any CPU
	EndGlobalSection
	GlobalSection(ProjectConfigurationPlatforms) = postSolution
		{90A099EB-1603-47C6-9E0E-62C182CE553F}.Debug|Any CPU.ActiveCfg = Debug|Any CPU
		{90A099EB-1603-47C6-9E0E-62C182CE553F}.Debug|Any CPU.Build.0 = Debug|Any CPU
		{90A099EB-1603-47C6-9E0E-62C182CE553F}.Release|Any CPU.ActiveCfg = Release|Any CPU
		{90A099EB-1603-47C6-9E0E-62C182CE553F}.Release|Any CPU.Build.0 = Release|Any CPU
	EndGlobalSection
	GlobalSection(SolutionProperties) = preSolution
		HideSolutionNode = FALSE
	EndGlobalSection
	GlobalSection(ExtensibilityGlobals) = postSolution
		SolutionGuid = {C5391E94-7882-4C8A-BD3F-F65A94985A9F}
	EndGlobalSection
EndGlobal
